{
  "name": "my_small_mailer",
  "lockfileVersion": 2,
  "requires": true,
  "packages": {
    "": {
      "dependencies": {
        "minimist": "^1.2.7",
        "nodemailer": "^6.9.0"
      }
    },
    "node_modules/minimist": {
      "version": "1.2.7",
      "resolved": "https://registry.npmjs.org/minimist/-/minimist-1.2.7.tgz",
      "integrity": "sha512-bzfL1YUZsP41gmu/qjrEk0Q6i2ix/cVeAhbCbqH9u3zYutS1cLg00qhrD0M2MVdCcx4Sc0UpP2eBWo9rotpq6g==",
      "funding": {
        "url": "https://github.com/sponsors/ljharb"
      }
    },
    "node_modules/nodemailer": {
      "version": "6.9.0",
      "resolved": "https://registry.npmjs.org/nodemailer/-/nodemailer-6.9.0.tgz",
      "integrity": "sha512-jFaCEGTeT3E/m/5R2MHWiyQH3pSARECRUDM+1hokOYc3lQAAG7ASuy+2jIsYVf+RVa9zePopSQwKNVFH8DKUpA==",
      "engines": {
        "node": ">=6.0.0"
      }
    }
  },
  "dependencies": {
    "minimist": {
      "version": "1.2.7",
      "resolved": "https://registry.npmjs.org/minimist/-/minimist-1.2.7.tgz",
      "integrity": "sha512-bzfL1YUZsP41gmu/qjrEk0Q6i2ix/cVeAhbCbqH9u3zYutS1cLg00qhrD0M2MVdCcx4Sc0UpP2eBWo9rotpq6g=="
    },
    "nodemailer": {
      "version": "6.9.0",
      "resolved": "https://registry.npmjs.org/nodemailer/-/nodemailer-6.9.0.tgz",
      "integrity": "sha512-jFaCEGTeT3E/m/5R2MHWiyQH3pSARECRUDM+1hokOYc3lQAAG7ASuy+2jIsYVf+RVa9zePopSQwKNVFH8DKUpA=="
    }
  }
}
